
Microsoft Visual Studio Solution File, Format Version 12.00
# Visual Studio Version 16
VisualStudioVersion = 16.0.30717.126
MinimumVisualStudioVersion = 10.0.40219.1
Project("{FAE04EC0-301F-11D3-BF4B-00C04F79EFBC}") = "seat_in_out", "seat_in_out\seat_in_out.csproj", "{F8246C75-A662-42CD-AD29-D2D5AA669E14}"
EndProject
Global
	GlobalSection(SolutionConfigurationPlatforms) = preSolution
		Debug|Any CPU = Debug|Any CPU
		Release|Any CPU = Release|Any CPU
	EndGlobalSection
	GlobalSection(ProjectConfigurationPlatforms) = postSolution
		{F8246C75-A662-42CD-AD29-D2D5AA669E14}.Debug|Any CPU.ActiveCfg = Debug|Any CPU
		{F8246C75-A662-42CD-AD29-D2D5AA669E14}.Debug|Any CPU.Build.0 = Debug|Any CPU
		{F8246C75-A662-42CD-AD29-D2D5AA669E14}.Release|Any CPU.ActiveCfg = Release|Any CPU
		{F8246C75-A662-42CD-AD29-D2D5AA669E14}.Release|Any CPU.Build.0 = Release|Any CPU
	EndGlobalSection
	GlobalSection(SolutionProperties) = preSolution
		HideSolutionNode = FALSE
	EndGlobalSection
	GlobalSection(ExtensibilityGlobals) = postSolution
		SolutionGuid = {34F5B408-FD6B-45BC-B7C2-F8C846E2301F}
	EndGlobalSection
EndGlobal
