
Microsoft Visual Studio Solution File, Format Version 12.00
# Visual Studio Version 16
VisualStudioVersion = 16.0.30717.126
MinimumVisualStudioVersion = 10.0.40219.1
Project("{FAE04EC0-301F-11D3-BF4B-00C04F79EFBC}") = "kiosk01", "kiosk01\kiosk01.csproj", "{F677A319-E3E5-4A87-9E5C-0CBE4B70705D}"
EndProject
Global
	GlobalSection(SolutionConfigurationPlatforms) = preSolution
		Debug|Any CPU = Debug|Any CPU
		Release|Any CPU = Release|Any CPU
	EndGlobalSection
	GlobalSection(ProjectConfigurationPlatforms) = postSolution
		{F677A319-E3E5-4A87-9E5C-0CBE4B70705D}.Debug|Any CPU.ActiveCfg = Debug|Any CPU
		{F677A319-E3E5-4A87-9E5C-0CBE4B70705D}.Debug|Any CPU.Build.0 = Debug|Any CPU
		{F677A319-E3E5-4A87-9E5C-0CBE4B70705D}.Release|Any CPU.ActiveCfg = Release|Any CPU
		{F677A319-E3E5-4A87-9E5C-0CBE4B70705D}.Release|Any CPU.Build.0 = Release|Any CPU
	EndGlobalSection
	GlobalSection(SolutionProperties) = preSolution
		HideSolutionNode = FALSE
	EndGlobalSection
	GlobalSection(ExtensibilityGlobals) = postSolution
		SolutionGuid = {2BBC247B-3825-45CB-A9CE-746AADBFE5BB}
	EndGlobalSection
EndGlobal
