
Microsoft Visual Studio Solution File, Format Version 12.00
# Visual Studio Version 16
VisualStudioVersion = 16.0.30804.86
MinimumVisualStudioVersion = 10.0.40219.1
Project("{FAE04EC0-301F-11D3-BF4B-00C04F79EFBC}") = "Hakshik_menu", "Hakshik_menu\Hakshik_menu.csproj", "{938F3D53-FCA9-415B-99E1-99B8CA6C32B7}"
EndProject
Global
	GlobalSection(SolutionConfigurationPlatforms) = preSolution
		Debug|Any CPU = Debug|Any CPU
		Release|Any CPU = Release|Any CPU
	EndGlobalSection
	GlobalSection(ProjectConfigurationPlatforms) = postSolution
		{938F3D53-FCA9-415B-99E1-99B8CA6C32B7}.Debug|Any CPU.ActiveCfg = Debug|Any CPU
		{938F3D53-FCA9-415B-99E1-99B8CA6C32B7}.Debug|Any CPU.Build.0 = Debug|Any CPU
		{938F3D53-FCA9-415B-99E1-99B8CA6C32B7}.Release|Any CPU.ActiveCfg = Release|Any CPU
		{938F3D53-FCA9-415B-99E1-99B8CA6C32B7}.Release|Any CPU.Build.0 = Release|Any CPU
	EndGlobalSection
	GlobalSection(SolutionProperties) = preSolution
		HideSolutionNode = FALSE
	EndGlobalSection
	GlobalSection(ExtensibilityGlobals) = postSolution
		SolutionGuid = {96170C44-DF37-4447-845D-6ACA3193DAFB}
	EndGlobalSection
EndGlobal
